// !$*UTF8*$!
{
	archiveVersion = 1;
	classes = {
	};
	objectVersion = 46;
	objects = {

/* Begin PBXBuildFile section */
		C82A3E501E7B8ABD00C9AB18 /* LoginViewController.swift in Sources */ = {isa = PBXBuildFile; fileRef = C82A3E4F1E7B8ABD00C9AB18 /* LoginViewController.swift */; };
		C82A3E521E7BA8E800C9AB18 /* HomeViewController.swift in Sources */ = {isa = PBXBuildFile; fileRef = C82A3E511E7BA8E800C9AB18 /* HomeViewController.swift */; };
		C82A3E561E7BAB3C00C9AB18 /* FriendsListCollectionViewCell.swift in Sources */ = {isa = PBXBuildFile; fileRef = C82A3E551E7BAB3C00C9AB18 /* FriendsListCollectionViewCell.swift */; };
		C82A3E581E7BAD1700C9AB18 /* FriendList.swift in Sources */ = {isa = PBXBuildFile; fileRef = C82A3E571E7BAD1700C9AB18 /* FriendList.swift */; };
		C83E245B1E7CD362002C3648 /* WelcomePopViewController.swift in Sources */ = {isa = PBXBuildFile; fileRef = C83E245A1E7CD362002C3648 /* WelcomePopViewController.swift */; };
		C83E245E1E7CD6E3002C3648 /* GradientViewX.swift in Sources */ = {isa = PBXBuildFile; fileRef = C83E245D1E7CD6E3002C3648 /* GradientViewX.swift */; };
		C88F2D181E700EF6000E3B61 /* AppDelegate.swift in Sources */ = {isa = PBXBuildFile; fileRef = C88F2D171E700EF6000E3B61 /* AppDelegate.swift */; };
		C88F2D1D1E700EF6000E3B61 /* Main.storyboard in Resources */ = {isa = PBXBuildFile; fileRef = C88F2D1B1E700EF6000E3B61 /* Main.storyboard */; };
		C88F2D1F1E700EF6000E3B61 /* Assets.xcassets in Resources */ = {isa = PBXBuildFile; fileRef = C88F2D1E1E700EF6000E3B61 /* Assets.xcassets */; };
		C88F2D221E700EF6000E3B61 /* LaunchScreen.storyboard in Resources */ = {isa = PBXBuildFile; fileRef = C88F2D201E700EF6000E3B61 /* LaunchScreen.storyboard */; };
		C88F2D2B1E700F80000E3B61 /* Events.swift in Sources */ = {isa = PBXBuildFile; fileRef = C88F2D2A1E700F80000E3B61 /* Events.swift */; };
		C88F2D2D1E701139000E3B61 /* EventsViewController.swift in Sources */ = {isa = PBXBuildFile; fileRef = C88F2D2C1E701139000E3B61 /* EventsViewController.swift */; };
		C88F2D301E7012FA000E3B61 /* Utilities.swift in Sources */ = {isa = PBXBuildFile; fileRef = C88F2D2F1E7012FA000E3B61 /* Utilities.swift */; };
		C88F2D351E701403000E3B61 /* EventTableViewCell.swift in Sources */ = {isa = PBXBuildFile; fileRef = C88F2D341E701403000E3B61 /* EventTableViewCell.swift */; };
/* End PBXBuildFile section */

/* Begin PBXFileReference section */
		C82A3E4F1E7B8ABD00C9AB18 /* LoginViewController.swift */ = {isa = PBXFileReference; fileEncoding = 4; lastKnownFileType = sourcecode.swift; path = LoginViewController.swift; sourceTree = "<group>"; };
		C82A3E511E7BA8E800C9AB18 /* HomeViewController.swift */ = {isa = PBXFileReference; fileEncoding = 4; lastKnownFileType = sourcecode.swift; path = HomeViewController.swift; sourceTree = "<group>"; };
		C82A3E551E7BAB3C00C9AB18 /* FriendsListCollectionViewCell.swift */ = {isa = PBXFileReference; fileEncoding = 4; lastKnownFileType = sourcecode.swift; path = FriendsListCollectionViewCell.swift; sourceTree = "<group>"; };
		C82A3E571E7BAD1700C9AB18 /* FriendList.swift */ = {isa = PBXFileReference; fileEncoding = 4; lastKnownFileType = sourcecode.swift; name = FriendList.swift; path = Model/FriendList.swift; sourceTree = "<group>"; };
		C83E245A1E7CD362002C3648 /* WelcomePopViewController.swift */ = {isa = PBXFileReference; fileEncoding = 4; lastKnownFileType = sourcecode.swift; path = WelcomePopViewController.swift; sourceTree = "<group>"; };
		C83E245D1E7CD6E3002C3648 /* GradientViewX.swift */ = {isa = PBXFileReference; fileEncoding = 4; lastKnownFileType = sourcecode.swift; name = GradientViewX.swift; path = DesignableX/GradientViewX.swift; sourceTree = "<group>"; };
		C88F2D141E700EF6000E3B61 /* VSoft.app */ = {isa = PBXFileReference; explicitFileType = wrapper.application; includeInIndex = 0; path = VSoft.app; sourceTree = BUILT_PRODUCTS_DIR; };
		C88F2D171E700EF6000E3B61 /* AppDelegate.swift */ = {isa = PBXFileReference; lastKnownFileType = sourcecode.swift; path = AppDelegate.swift; sourceTree = "<group>"; };
		C88F2D1C1E700EF6000E3B61 /* Base */ = {isa = PBXFileReference; lastKnownFileType = file.storyboard; name = Base; path = Base.lproj/Main.storyboard; sourceTree = "<group>"; };
		C88F2D1E1E700EF6000E3B61 /* Assets.xcassets */ = {isa = PBXFileReference; lastKnownFileType = folder.assetcatalog; path = Assets.xcassets; sourceTree = "<group>"; };
		C88F2D211E700EF6000E3B61 /* Base */ = {isa = PBXFileReference; lastKnownFileType = file.storyboard; name = Base; path = Base.lproj/LaunchScreen.storyboard; sourceTree = "<group>"; };
		C88F2D231E700EF6000E3B61 /* Info.plist */ = {isa = PBXFileReference; lastKnownFileType = text.plist.xml; path = Info.plist; sourceTree = "<group>"; };
		C88F2D2A1E700F80000E3B61 /* Events.swift */ = {isa = PBXFileReference; fileEncoding = 4; lastKnownFileType = sourcecode.swift; name = Events.swift; path = Model/Events.swift; sourceTree = "<group>"; };
		C88F2D2C1E701139000E3B61 /* EventsViewController.swift */ = {isa = PBXFileReference; fileEncoding = 4; lastKnownFileType = sourcecode.swift; path = EventsViewController.swift; sourceTree = "<group>"; };
		C88F2D2F1E7012FA000E3B61 /* Utilities.swift */ = {isa = PBXFileReference; fileEncoding = 4; lastKnownFileType = sourcecode.swift; name = Utilities.swift; path = Utilities/Utilities.swift; sourceTree = "<group>"; };
		C88F2D341E701403000E3B61 /* EventTableViewCell.swift */ = {isa = PBXFileReference; fileEncoding = 4; lastKnownFileType = sourcecode.swift; path = EventTableViewCell.swift; sourceTree = "<group>"; };
/* End PBXFileReference section */

/* Begin PBXFrameworksBuildPhase section */
		C88F2D111E700EF6000E3B61 /* Frameworks */ = {
			isa = PBXFrameworksBuildPhase;
			buildActionMask = 2147483647;
			files = (
			);
			runOnlyForDeploymentPostprocessing = 0;
		};
/* End PBXFrameworksBuildPhase section */

/* Begin PBXGroup section */
		C83E245C1E7CD6BA002C3648 /* DesignableX */ = {
			isa = PBXGroup;
			children = (
				C83E245D1E7CD6E3002C3648 /* GradientViewX.swift */,
			);
			name = DesignableX;
			sourceTree = "<group>";
		};
		C88F2D0B1E700EF6000E3B61 = {
			isa = PBXGroup;
			children = (
				C88F2D161E700EF6000E3B61 /* VSoft */,
				C88F2D151E700EF6000E3B61 /* Products */,
			);
			sourceTree = "<group>";
		};
		C88F2D151E700EF6000E3B61 /* Products */ = {
			isa = PBXGroup;
			children = (
				C88F2D141E700EF6000E3B61 /* VSoft.app */,
			);
			name = Products;
			sourceTree = "<group>";
		};
		C88F2D161E700EF6000E3B61 /* VSoft */ = {
			isa = PBXGroup;
			children = (
				C83E245C1E7CD6BA002C3648 /* DesignableX */,
				C88F2D331E701403000E3B61 /* Views */,
				C88F2D2E1E7012DE000E3B61 /* Utilities */,
				C88F2D291E700F5B000E3B61 /* Model */,
				C88F2D171E700EF6000E3B61 /* AppDelegate.swift */,
				C82A3E511E7BA8E800C9AB18 /* HomeViewController.swift */,
				C83E245A1E7CD362002C3648 /* WelcomePopViewController.swift */,
				C88F2D2C1E701139000E3B61 /* EventsViewController.swift */,
				C82A3E4F1E7B8ABD00C9AB18 /* LoginViewController.swift */,
				C88F2D1B1E700EF6000E3B61 /* Main.storyboard */,
				C88F2D1E1E700EF6000E3B61 /* Assets.xcassets */,
				C88F2D201E700EF6000E3B61 /* LaunchScreen.storyboard */,
				C88F2D231E700EF6000E3B61 /* Info.plist */,
			);
			path = VSoft;
			sourceTree = "<group>";
		};
		C88F2D291E700F5B000E3B61 /* Model */ = {
			isa = PBXGroup;
			children = (
				C88F2D2A1E700F80000E3B61 /* Events.swift */,
				C82A3E571E7BAD1700C9AB18 /* FriendList.swift */,
			);
			name = Model;
			sourceTree = "<group>";
		};
		C88F2D2E1E7012DE000E3B61 /* Utilities */ = {
			isa = PBXGroup;
			children = (
				C88F2D2F1E7012FA000E3B61 /* Utilities.swift */,
			);
			name = Utilities;
			sourceTree = "<group>";
		};
		C88F2D331E701403000E3B61 /* Views */ = {
			isa = PBXGroup;
			children = (
				C88F2D341E701403000E3B61 /* EventTableViewCell.swift */,
				C82A3E551E7BAB3C00C9AB18 /* FriendsListCollectionViewCell.swift */,
			);
			path = Views;
			sourceTree = "<group>";
		};
/* End PBXGroup section */

/* Begin PBXNativeTarget section */
		C88F2D131E700EF6000E3B61 /* VSoft */ = {
			isa = PBXNativeTarget;
			buildConfigurationList = C88F2D261E700EF6000E3B61 /* Build configuration list for PBXNativeTarget "VSoft" */;
			buildPhases = (
				C88F2D101E700EF6000E3B61 /* Sources */,
				C88F2D111E700EF6000E3B61 /* Frameworks */,
				C88F2D121E700EF6000E3B61 /* Resources */,
			);
			buildRules = (
			);
			dependencies = (
			);
			name = VSoft;
			productName = VSoft;
			productReference = C88F2D141E700EF6000E3B61 /* VSoft.app */;
			productType = "com.apple.product-type.application";
		};
/* End PBXNativeTarget section */

/* Begin PBXProject section */
		C88F2D0C1E700EF6000E3B61 /* Project object */ = {
			isa = PBXProject;
			attributes = {
				LastSwiftUpdateCheck = 0800;
				LastUpgradeCheck = 0800;
				ORGANIZATIONNAME = "Shaik Ghouse Basha";
				TargetAttributes = {
					C88F2D131E700EF6000E3B61 = {
						CreatedOnToolsVersion = 8.0;
						ProvisioningStyle = Automatic;
					};
				};
			};
			buildConfigurationList = C88F2D0F1E700EF6000E3B61 /* Build configuration list for PBXProject "VSoft" */;
			compatibilityVersion = "Xcode 3.2";
			developmentRegion = English;
			hasScannedForEncodings = 0;
			knownRegions = (
				en,
				Base,
			);
			mainGroup = C88F2D0B1E700EF6000E3B61;
			productRefGroup = C88F2D151E700EF6000E3B61 /* Products */;
			projectDirPath = "";
			projectRoot = "";
			targets = (
				C88F2D131E700EF6000E3B61 /* VSoft */,
			);
		};
/* End PBXProject section */

/* Begin PBXResourcesBuildPhase section */
		C88F2D121E700EF6000E3B61 /* Resources */ = {
			isa = PBXResourcesBuildPhase;
			buildActionMask = 2147483647;
			files = (
				C88F2D221E700EF6000E3B61 /* LaunchScreen.storyboard in Resources */,
				C88F2D1F1E700EF6000E3B61 /* Assets.xcassets in Resources */,
				C88F2D1D1E700EF6000E3B61 /* Main.storyboard in Resources */,
			);
			runOnlyForDeploymentPostprocessing = 0;
		};
/* End PBXResourcesBuildPhase section */

/* Begin PBXSourcesBuildPhase section */
		C88F2D101E700EF6000E3B61 /* Sources */ = {
			isa = PBXSourcesBuildPhase;
			buildActionMask = 2147483647;
			files = (
				C82A3E501E7B8ABD00C9AB18 /* LoginViewController.swift in Sources */,
				C83E245B1E7CD362002C3648 /* WelcomePopViewController.swift in Sources */,
				C88F2D2B1E700F80000E3B61 /* Events.swift in Sources */,
				C82A3E581E7BAD1700C9AB18 /* FriendList.swift in Sources */,
				C88F2D2D1E701139000E3B61 /* EventsViewController.swift in Sources */,
				C88F2D301E7012FA000E3B61 /* Utilities.swift in Sources */,
				C82A3E561E7BAB3C00C9AB18 /* FriendsListCollectionViewCell.swift in Sources */,
				C88F2D351E701403000E3B61 /* EventTableViewCell.swift in Sources */,
				C83E245E1E7CD6E3002C3648 /* GradientViewX.swift in Sources */,
				C82A3E521E7BA8E800C9AB18 /* HomeViewController.swift in Sources */,
				C88F2D181E700EF6000E3B61 /* AppDelegate.swift in Sources */,
			);
			runOnlyForDeploymentPostprocessing = 0;
		};
/* End PBXSourcesBuildPhase section */

/* Begin PBXVariantGroup section */
		C88F2D1B1E700EF6000E3B61 /* Main.storyboard */ = {
			isa = PBXVariantGroup;
			children = (
				C88F2D1C1E700EF6000E3B61 /* Base */,
			);
			name = Main.storyboard;
			sourceTree = "<group>";
		};
		C88F2D201E700EF6000E3B61 /* LaunchScreen.storyboard */ = {
			isa = PBXVariantGroup;
			children = (
				C88F2D211E700EF6000E3B61 /* Base */,
			);
			name = LaunchScreen.storyboard;
			sourceTree = "<group>";
		};
/* End PBXVariantGroup section */

/* Begin XCBuildConfiguration section */
		C88F2D241E700EF6000E3B61 /* Debug */ = {
			isa = XCBuildConfiguration;
			buildSettings = {
				ALWAYS_SEARCH_USER_PATHS = NO;
				CLANG_ANALYZER_NONNULL = YES;
				CLANG_CXX_LANGUAGE_STANDARD = "gnu++0x";
				CLANG_CXX_LIBRARY = "libc++";
				CLANG_ENABLE_MODULES = YES;
				CLANG_ENABLE_OBJC_ARC = YES;
				CLANG_WARN_BOOL_CONVERSION = YES;
				CLANG_WARN_CONSTANT_CONVERSION = YES;
				CLANG_WARN_DIRECT_OBJC_ISA_USAGE = YES_ERROR;
				CLANG_WARN_DOCUMENTATION_COMMENTS = YES;
				CLANG_WARN_EMPTY_BODY = YES;
				CLANG_WARN_ENUM_CONVERSION = YES;
				CLANG_WARN_INFINITE_RECURSION = YES;
				CLANG_WARN_INT_CONVERSION = YES;
				CLANG_WARN_OBJC_ROOT_CLASS = YES_ERROR;
				CLANG_WARN_SUSPICIOUS_MOVES = YES;
				CLANG_WARN_UNREACHABLE_CODE = YES;
				CLANG_WARN__DUPLICATE_METHOD_MATCH = YES;
				"CODE_SIGN_IDENTITY[sdk=iphoneos*]" = "iPhone Developer";
				COPY_PHASE_STRIP = NO;
				DEBUG_INFORMATION_FORMAT = dwarf;
				ENABLE_STRICT_OBJC_MSGSEND = YES;
				ENABLE_TESTABILITY = YES;
				GCC_C_LANGUAGE_STANDARD = gnu99;
				GCC_DYNAMIC_NO_PIC = NO;
				GCC_NO_COMMON_BLOCKS = YES;
				GCC_OPTIMIZATION_LEVEL = 0;
				GCC_PREPROCESSOR_DEFINITIONS = (
					"DEBUG=1",
					"$(inherited)",
				);
				GCC_WARN_64_TO_32_BIT_CONVERSION = YES;
				GCC_WARN_ABOUT_RETURN_TYPE = YES_ERROR;
				GCC_WARN_UNDECLARED_SELECTOR = YES;
				GCC_WARN_UNINITIALIZED_AUTOS = YES_AGGRESSIVE;
				GCC_WARN_UNUSED_FUNCTION = YES;
				GCC_WARN_UNUSED_VARIABLE = YES;
				IPHONEOS_DEPLOYMENT_TARGET = 10.0;
				MTL_ENABLE_DEBUG_INFO = YES;
				ONLY_ACTIVE_ARCH = YES;
				SDKROOT = iphoneos;
				SWIFT_ACTIVE_COMPILATION_CONDITIONS = DEBUG;
				SWIFT_OPTIMIZATION_LEVEL = "-Onone";
			};
			name = Debug;
		};
		C88F2D251E700EF6000E3B61 /* Release */ = {
			isa = XCBuildConfiguration;
			buildSettings = {
				ALWAYS_SEARCH_USER_PATHS = NO;
				CLANG_ANALYZER_NONNULL = YES;
				CLANG_CXX_LANGUAGE_STANDARD = "gnu++0x";
				CLANG_CXX_LIBRARY = "libc++";
				CLANG_ENABLE_MODULES = YES;
				CLANG_ENABLE_OBJC_ARC = YES;
				CLANG_WARN_BOOL_CONVERSION = YES;
				CLANG_WARN_CONSTANT_CONVERSION = YES;
				CLANG_WARN_DIRECT_OBJC_ISA_USAGE = YES_ERROR;
				CLANG_WARN_DOCUMENTATION_COMMENTS = YES;
				CLANG_WARN_EMPTY_BODY = YES;
				CLANG_WARN_ENUM_CONVERSION = YES;
				CLANG_WARN_INFINITE_RECURSION = YES;
				CLANG_WARN_INT_CONVERSION = YES;
				CLANG_WARN_OBJC_ROOT_CLASS = YES_ERROR;
				CLANG_WARN_SUSPICIOUS_MOVES = YES;
				CLANG_WARN_UNREACHABLE_CODE = YES;
				CLANG_WARN__DUPLICATE_METHOD_MATCH = YES;
				"CODE_SIGN_IDENTITY[sdk=iphoneos*]" = "iPhone Developer";
				COPY_PHASE_STRIP = NO;
				DEBUG_INFORMATION_FORMAT = "dwarf-with-dsym";
				ENABLE_NS_ASSERTIONS = NO;
				ENABLE_STRICT_OBJC_MSGSEND = YES;
				GCC_C_LANGUAGE_STANDARD = gnu99;
				GCC_NO_COMMON_BLOCKS = YES;
				GCC_WARN_64_TO_32_BIT_CONVERSION = YES;
				GCC_WARN_ABOUT_RETURN_TYPE = YES_ERROR;
				GCC_WARN_UNDECLARED_SELECTOR = YES;
				GCC_WARN_UNINITIALIZED_AUTOS = YES_AGGRESSIVE;
				GCC_WARN_UNUSED_FUNCTION = YES;
				GCC_WARN_UNUSED_VARIABLE = YES;
				IPHONEOS_DEPLOYMENT_TARGET = 10.0;
				MTL_ENABLE_DEBUG_INFO = NO;
				SDKROOT = iphoneos;
				SWIFT_OPTIMIZATION_LEVEL = "-Owholemodule";
				VALIDATE_PRODUCT = YES;
			};
			name = Release;
		};
		C88F2D271E700EF6000E3B61 /* Debug */ = {
			isa = XCBuildConfiguration;
			buildSettings = {
				ASSETCATALOG_COMPILER_APPICON_NAME = AppIcon;
				INFOPLIST_FILE = VSoft/Info.plist;
				LD_RUNPATH_SEARCH_PATHS = "$(inherited) @executable_path/Frameworks";
				PRODUCT_BUNDLE_IDENTIFIER = com.savvymob.VSoft;
				PRODUCT_NAME = "$(TARGET_NAME)";
				SWIFT_VERSION = 3.0;
			};
			name = Debug;
		};
		C88F2D281E700EF6000E3B61 /* Release */ = {
			isa = XCBuildConfiguration;
			buildSettings = {
				ASSETCATALOG_COMPILER_APPICON_NAME = AppIcon;
				INFOPLIST_FILE = VSoft/Info.plist;
				LD_RUNPATH_SEARCH_PATHS = "$(inherited) @executable_path/Frameworks";
				PRODUCT_BUNDLE_IDENTIFIER = com.savvymob.VSoft;
				PRODUCT_NAME = "$(TARGET_NAME)";
				SWIFT_VERSION = 3.0;
			};
			name = Release;
		};
/* End XCBuildConfiguration section */

/* Begin XCConfigurationList section */
		C88F2D0F1E700EF6000E3B61 /* Build configuration list for PBXProject "VSoft" */ = {
			isa = XCConfigurationList;
			buildConfigurations = (
				C88F2D241E700EF6000E3B61 /* Debug */,
				C88F2D251E700EF6000E3B61 /* Release */,
			);
			defaultConfigurationIsVisible = 0;
			defaultConfigurationName = Release;
		};
		C88F2D261E700EF6000E3B61 /* Build configuration list for PBXNativeTarget "VSoft" */ = {
			isa = XCConfigurationList;
			buildConfigurations = (
				C88F2D271E700EF6000E3B61 /* Debug */,
				C88F2D281E700EF6000E3B61 /* Release */,
			);
			defaultConfigurationIsVisible = 0;
			defaultConfigurationName = Release;
		};
/* End XCConfigurationList section */
	};
	rootObject = C88F2D0C1E700EF6000E3B61 /* Project object */;
}
